// !$*UTF8*$!
{
	archiveVersion = 1;
	classes = {
	};
	objectVersion = 56;
	objects = {

/* Begin PBXBuildFile section */
		B51641452A69FBF900401BB2 /* DevelopmentTests.swift in Sources */ = {isa = PBXBuildFile; fileRef = B51641442A69FBF900401BB2 /* DevelopmentTests.swift */; };
		B52235D429A7A8B80000E5E7 /* Tag-CoreDataHelpers.swift in Sources */ = {isa = PBXBuildFile; fileRef = B52235D329A7A8B80000E5E7 /* Tag-CoreDataHelpers.swift */; };
		B53181A12A3E1BF00032D121 /* UltimatePortfolioTests.swift in Sources */ = {isa = PBXBuildFile; fileRef = B53181A02A3E1BF00032D121 /* UltimatePortfolioTests.swift */; };
		B53DB2B429A6592F00577F20 /* UltimatePortfolioApp.swift in Sources */ = {isa = PBXBuildFile; fileRef = B53DB2B329A6592F00577F20 /* UltimatePortfolioApp.swift */; };
		B53DB2B629A6592F00577F20 /* ContentView.swift in Sources */ = {isa = PBXBuildFile; fileRef = B53DB2B529A6592F00577F20 /* ContentView.swift */; };
		B53DB2B829A6593000577F20 /* Assets.xcassets in Resources */ = {isa = PBXBuildFile; fileRef = B53DB2B729A6593000577F20 /* Assets.xcassets */; };
		B53DB2BC29A6593000577F20 /* Preview Assets.xcassets in Resources */ = {isa = PBXBuildFile; fileRef = B53DB2BB29A6593000577F20 /* Preview Assets.xcassets */; };
		B53DB2C429A6595200577F20 /* Main.xcdatamodeld in Sources */ = {isa = PBXBuildFile; fileRef = B53DB2C229A6595200577F20 /* Main.xcdatamodeld */; };
		B53DB2C629A6676000577F20 /* DataController.swift in Sources */ = {isa = PBXBuildFile; fileRef = B53DB2C529A6676000577F20 /* DataController.swift */; };
		B53DB2C929A6AE4200577F20 /* SidebarView.swift in Sources */ = {isa = PBXBuildFile; fileRef = B53DB2C829A6AE4200577F20 /* SidebarView.swift */; };
		B53DB2CB29A6AE5000577F20 /* DetailView.swift in Sources */ = {isa = PBXBuildFile; fileRef = B53DB2CA29A6AE5000577F20 /* DetailView.swift */; };
		B53DB2CD29A6AFAC00577F20 /* Filter.swift in Sources */ = {isa = PBXBuildFile; fileRef = B53DB2CC29A6AFAC00577F20 /* Filter.swift */; };
		B5457BC229FDBE90002C2AA6 /* Localizable.strings in Resources */ = {isa = PBXBuildFile; fileRef = B5457BC429FDBE90002C2AA6 /* Localizable.strings */; };
		B5457BC629FDBF12002C2AA6 /* Localizable.stringsdict in Resources */ = {isa = PBXBuildFile; fileRef = B5457BC829FDBF12002C2AA6 /* Localizable.stringsdict */; };
		B5457BCA29FDC142002C2AA6 /* Awards.json in Resources */ = {isa = PBXBuildFile; fileRef = B5457BCC29FDC142002C2AA6 /* Awards.json */; };
		B5458B8229A93160000939A7 /* IssueRow.swift in Sources */ = {isa = PBXBuildFile; fileRef = B5458B8129A93160000939A7 /* IssueRow.swift */; };
		B5458B8429A96779000939A7 /* IssueView.swift in Sources */ = {isa = PBXBuildFile; fileRef = B5458B8329A96779000939A7 /* IssueView.swift */; };
		B5458B8629A96786000939A7 /* NoIssueView.swift in Sources */ = {isa = PBXBuildFile; fileRef = B5458B8529A96786000939A7 /* NoIssueView.swift */; };
		B5486CC52A5CA9180068751D /* TagTests.swift in Sources */ = {isa = PBXBuildFile; fileRef = B5486CC42A5CA9180068751D /* TagTests.swift */; };
		B5486CC72A5CC10C0068751D /* AwardsTest.swift in Sources */ = {isa = PBXBuildFile; fileRef = B5486CC62A5CC10C0068751D /* AwardsTest.swift */; };
		B5577D0B2B309DDD00F7D79D /* UltimatePortfolioUITests.swift in Sources */ = {isa = PBXBuildFile; fileRef = B5577D0A2B309DDD00F7D79D /* UltimatePortfolioUITests.swift */; };
		B5577D0D2B309DDD00F7D79D /* UltimatePortfolioUITestsLaunchTests.swift in Sources */ = {isa = PBXBuildFile; fileRef = B5577D0C2B309DDD00F7D79D /* UltimatePortfolioUITestsLaunchTests.swift */; };
		B5577D152B30E51C00F7D79D /* DataController-StoreKit.swift in Sources */ = {isa = PBXBuildFile; fileRef = B5577D142B30E51C00F7D79D /* DataController-StoreKit.swift */; };
		B5577D182B30FC2D00F7D79D /* MyStoreView.swift in Sources */ = {isa = PBXBuildFile; fileRef = B5577D172B30FC2D00F7D79D /* MyStoreView.swift */; };
		B56227602B87A06300E8119A /* AppDelegate.swift in Sources */ = {isa = PBXBuildFile; fileRef = B562275F2B87A06300E8119A /* AppDelegate.swift */; };
		B56227622B87A07200E8119A /* SceneDelegate.swift in Sources */ = {isa = PBXBuildFile; fileRef = B56227612B87A07200E8119A /* SceneDelegate.swift */; };
		B572AF8929A6C968007DE280 /* Issue-CoreDataHelpers.swift in Sources */ = {isa = PBXBuildFile; fileRef = B572AF8829A6C968007DE280 /* Issue-CoreDataHelpers.swift */; };
		B57BAD2D2A1C29AE004F95B8 /* SidebarViewToolbar.swift in Sources */ = {isa = PBXBuildFile; fileRef = B57BAD2C2A1C29AE004F95B8 /* SidebarViewToolbar.swift */; };
		B57BAD2F2A1C2C01004F95B8 /* IssueViewToolbar.swift in Sources */ = {isa = PBXBuildFile; fileRef = B57BAD2E2A1C2C01004F95B8 /* IssueViewToolbar.swift */; };
		B57BAD312A1C2CE8004F95B8 /* ContentViewToolbar.swift in Sources */ = {isa = PBXBuildFile; fileRef = B57BAD302A1C2CE8004F95B8 /* ContentViewToolbar.swift */; };
		B57BAD332A1CFE83004F95B8 /* TagsMenuView.swift in Sources */ = {isa = PBXBuildFile; fileRef = B57BAD322A1CFE83004F95B8 /* TagsMenuView.swift */; };
		B57BAD352A1D000E004F95B8 /* SmartFilterRow.swift in Sources */ = {isa = PBXBuildFile; fileRef = B57BAD342A1D000E004F95B8 /* SmartFilterRow.swift */; };
		B57BAD372A1D00B4004F95B8 /* UserFilterRow.swift in Sources */ = {isa = PBXBuildFile; fileRef = B57BAD362A1D00B4004F95B8 /* UserFilterRow.swift */; };
		B59A28FD2A7C6D2E0000EB9C /* ExtensionTests.swift in Sources */ = {isa = PBXBuildFile; fileRef = B59A28FC2A7C6D2E0000EB9C /* ExtensionTests.swift */; };
		B5A9ABBF2B2FA78800C61546 /* DecodableDictionary.json in Resources */ = {isa = PBXBuildFile; fileRef = B5A9ABBE2B2FA78800C61546 /* DecodableDictionary.json */; };
		B5A9ABC12B2FA7CB00C61546 /* DecodableString.json in Resources */ = {isa = PBXBuildFile; fileRef = B5A9ABC02B2FA7CB00C61546 /* DecodableString.json */; };
		B5A9ABC32B2FAE6900C61546 /* PerformanceTests.swift in Sources */ = {isa = PBXBuildFile; fileRef = B5A9ABC22B2FAE6900C61546 /* PerformanceTests.swift */; };
		B5B094452AD597730004D16D /* ContentViewModel.swift in Sources */ = {isa = PBXBuildFile; fileRef = B5B094442AD597730004D16D /* ContentViewModel.swift */; };
		B5B094472AD599960004D16D /* IssueRowViewModel.swift in Sources */ = {isa = PBXBuildFile; fileRef = B5B094462AD599960004D16D /* IssueRowViewModel.swift */; };
		B5B0944D2ADD93010004D16D /* DataController-Notifications.swift in Sources */ = {isa = PBXBuildFile; fileRef = B5B0944C2ADD93010004D16D /* DataController-Notifications.swift */; };
		B5B20A2A2BB833EB0032A117 /* WidgetKit.framework in Frameworks */ = {isa = PBXBuildFile; fileRef = B5B20A292BB833EB0032A117 /* WidgetKit.framework */; };
		B5B20A2C2BB833EB0032A117 /* SwiftUI.framework in Frameworks */ = {isa = PBXBuildFile; fileRef = B5B20A2B2BB833EB0032A117 /* SwiftUI.framework */; };
		B5B20A2F2BB833EB0032A117 /* PortfolioWidgetBundle.swift in Sources */ = {isa = PBXBuildFile; fileRef = B5B20A2E2BB833EB0032A117 /* PortfolioWidgetBundle.swift */; };
		B5B20A312BB833EB0032A117 /* PortfolioWidget.swift in Sources */ = {isa = PBXBuildFile; fileRef = B5B20A302BB833EB0032A117 /* PortfolioWidget.swift */; };
		B5B20A332BB833EC0032A117 /* Assets.xcassets in Resources */ = {isa = PBXBuildFile; fileRef = B5B20A322BB833EC0032A117 /* Assets.xcassets */; };
		B5B20A372BB833EC0032A117 /* PortfolioWidgetExtension.appex in Embed Foundation Extensions */ = {isa = PBXBuildFile; fileRef = B5B20A272BB833EB0032A117 /* PortfolioWidgetExtension.appex */; settings = {ATTRIBUTES = (RemoveHeadersOnCopy, ); }; };
		B5B20A3C2BB8397B0032A117 /* Main.xcdatamodeld in Sources */ = {isa = PBXBuildFile; fileRef = B53DB2C229A6595200577F20 /* Main.xcdatamodeld */; };
		B5B20A3D2BB839910032A117 /* DataController.swift in Sources */ = {isa = PBXBuildFile; fileRef = B53DB2C529A6676000577F20 /* DataController.swift */; };
		B5B20A3E2BB839A10032A117 /* Tag-CoreDataHelpers.swift in Sources */ = {isa = PBXBuildFile; fileRef = B52235D329A7A8B80000E5E7 /* Tag-CoreDataHelpers.swift */; };
		B5B20A3F2BB839A10032A117 /* Issue-CoreDataHelpers.swift in Sources */ = {isa = PBXBuildFile; fileRef = B572AF8829A6C968007DE280 /* Issue-CoreDataHelpers.swift */; };
		B5B20A402BB83A280032A117 /* Filter.swift in Sources */ = {isa = PBXBuildFile; fileRef = B53DB2CC29A6AFAC00577F20 /* Filter.swift */; };
		B5B20A432BB83A940032A117 /* DataController-StoreKit.swift in Sources */ = {isa = PBXBuildFile; fileRef = B5577D142B30E51C00F7D79D /* DataController-StoreKit.swift */; };
		B5B20A452BB83BB00032A117 /* DataController-Awards.swift in Sources */ = {isa = PBXBuildFile; fileRef = B5B20A442BB83BB00032A117 /* DataController-Awards.swift */; };
		B5B955CC2A3E37CA007ADEF9 /* AssetTests.swift in Sources */ = {isa = PBXBuildFile; fileRef = B5B955CB2A3E37CA007ADEF9 /* AssetTests.swift */; };
		B5D65E7729E31BCF00AF0D2E /* Bundle-Decodable.swift in Sources */ = {isa = PBXBuildFile; fileRef = B5D65E7629E31BCF00AF0D2E /* Bundle-Decodable.swift */; };
		B5D65E7B29E3300200AF0D2E /* Colors.xcassets in Resources */ = {isa = PBXBuildFile; fileRef = B5D65E7929E3300200AF0D2E /* Colors.xcassets */; };
		B5D65E7D29E331DC00AF0D2E /* Award.swift in Sources */ = {isa = PBXBuildFile; fileRef = B5D65E7C29E331DC00AF0D2E /* Award.swift */; };
		B5D65E7F29E3348F00AF0D2E /* AwardsView.swift in Sources */ = {isa = PBXBuildFile; fileRef = B5D65E7E29E3348F00AF0D2E /* AwardsView.swift */; };
		B5F0BD8E2AE16CBA00E252B7 /* DataController-FilterAndSort.swift in Sources */ = {isa = PBXBuildFile; fileRef = B5F0BD8D2AE16CBA00E252B7 /* DataController-FilterAndSort.swift */; };
		B5FBE2522ABF78E500777D85 /* SidebarViewModel.swift in Sources */ = {isa = PBXBuildFile; fileRef = B5FBE2512ABF78E500777D85 /* SidebarViewModel.swift */; };
/* End PBXBuildFile section */

/* Begin PBXContainerItemProxy section */
		B53181A22A3E1BF00032D121 /* PBXContainerItemProxy */ = {
			isa = PBXContainerItemProxy;
			containerPortal = B53DB2A829A6592F00577F20 /* Project object */;
			proxyType = 1;
			remoteGlobalIDString = B53DB2AF29A6592F00577F20;
			remoteInfo = UltimatePortfolio;
		};
		B5577D0E2B309DDD00F7D79D /* PBXContainerItemProxy */ = {
			isa = PBXContainerItemProxy;
			containerPortal = B53DB2A829A6592F00577F20 /* Project object */;
			proxyType = 1;
			remoteGlobalIDString = B53DB2AF29A6592F00577F20;
			remoteInfo = UltimatePortfolio;
		};
		B5B20A352BB833EC0032A117 /* PBXContainerItemProxy */ = {
			isa = PBXContainerItemProxy;
			containerPortal = B53DB2A829A6592F00577F20 /* Project object */;
			proxyType = 1;
			remoteGlobalIDString = B5B20A262BB833EB0032A117;
			remoteInfo = PortfolioWidgetExtension;
		};
/* End PBXContainerItemProxy section */

/* Begin PBXCopyFilesBuildPhase section */
		B5B20A382BB833EC0032A117 /* Embed Foundation Extensions */ = {
			isa = PBXCopyFilesBuildPhase;
			buildActionMask = 2147483647;
			dstPath = "";
			dstSubfolderSpec = 13;
			files = (
				B5B20A372BB833EC0032A117 /* PortfolioWidgetExtension.appex in Embed Foundation Extensions */,
			);
			name = "Embed Foundation Extensions";
			runOnlyForDeploymentPostprocessing = 0;
		};
/* End PBXCopyFilesBuildPhase section */

/* Begin PBXFileReference section */
		B51641442A69FBF900401BB2 /* DevelopmentTests.swift */ = {isa = PBXFileReference; lastKnownFileType = sourcecode.swift; path = DevelopmentTests.swift; sourceTree = "<group>"; };
		B52235D329A7A8B80000E5E7 /* Tag-CoreDataHelpers.swift */ = {isa = PBXFileReference; lastKnownFileType = sourcecode.swift; path = "Tag-CoreDataHelpers.swift"; sourceTree = "<group>"; };
		B531819E2A3E1BF00032D121 /* UltimatePortfolioTests.xctest */ = {isa = PBXFileReference; explicitFileType = wrapper.cfbundle; includeInIndex = 0; path = UltimatePortfolioTests.xctest; sourceTree = BUILT_PRODUCTS_DIR; };
		B53181A02A3E1BF00032D121 /* UltimatePortfolioTests.swift */ = {isa = PBXFileReference; lastKnownFileType = sourcecode.swift; path = UltimatePortfolioTests.swift; sourceTree = "<group>"; };
		B53181A82A3E357A0032D121 /* TestPlan.xctestplan */ = {isa = PBXFileReference; lastKnownFileType = text; path = TestPlan.xctestplan; sourceTree = "<group>"; };
		B53DB2B029A6592F00577F20 /* UltimatePortfolio.app */ = {isa = PBXFileReference; explicitFileType = wrapper.application; includeInIndex = 0; path = UltimatePortfolio.app; sourceTree = BUILT_PRODUCTS_DIR; };
		B53DB2B329A6592F00577F20 /* UltimatePortfolioApp.swift */ = {isa = PBXFileReference; lastKnownFileType = sourcecode.swift; path = UltimatePortfolioApp.swift; sourceTree = "<group>"; };
		B53DB2B529A6592F00577F20 /* ContentView.swift */ = {isa = PBXFileReference; lastKnownFileType = sourcecode.swift; path = ContentView.swift; sourceTree = "<group>"; };
		B53DB2B729A6593000577F20 /* Assets.xcassets */ = {isa = PBXFileReference; lastKnownFileType = folder.assetcatalog; path = Assets.xcassets; sourceTree = "<group>"; };
		B53DB2B929A6593000577F20 /* UltimatePortfolio.entitlements */ = {isa = PBXFileReference; lastKnownFileType = text.plist.entitlements; path = UltimatePortfolio.entitlements; sourceTree = "<group>"; };
		B53DB2BB29A6593000577F20 /* Preview Assets.xcassets */ = {isa = PBXFileReference; lastKnownFileType = folder.assetcatalog; path = "Preview Assets.xcassets"; sourceTree = "<group>"; };
		B53DB2C329A6595200577F20 /* Main.xcdatamodel */ = {isa = PBXFileReference; lastKnownFileType = wrapper.xcdatamodel; path = Main.xcdatamodel; sourceTree = "<group>"; };
		B53DB2C529A6676000577F20 /* DataController.swift */ = {isa = PBXFileReference; lastKnownFileType = sourcecode.swift; path = DataController.swift; sourceTree = "<group>"; };
		B53DB2C729A6AB6500577F20 /* Info.plist */ = {isa = PBXFileReference; lastKnownFileType = text.plist.xml; path = Info.plist; sourceTree = "<group>"; };
		B53DB2C829A6AE4200577F20 /* SidebarView.swift */ = {isa = PBXFileReference; lastKnownFileType = sourcecode.swift; path = SidebarView.swift; sourceTree = "<group>"; };
		B53DB2CA29A6AE5000577F20 /* DetailView.swift */ = {isa = PBXFileReference; lastKnownFileType = sourcecode.swift; path = DetailView.swift; sourceTree = "<group>"; };
		B53DB2CC29A6AFAC00577F20 /* Filter.swift */ = {isa = PBXFileReference; lastKnownFileType = sourcecode.swift; path = Filter.swift; sourceTree = "<group>"; };
		B5457BC329FDBE90002C2AA6 /* en */ = {isa = PBXFileReference; lastKnownFileType = text.plist.strings; name = en; path = en.lproj/Localizable.strings; sourceTree = "<group>"; };
		B5457BC529FDBEAF002C2AA6 /* hu */ = {isa = PBXFileReference; lastKnownFileType = text.plist.strings; name = hu; path = hu.lproj/Localizable.strings; sourceTree = "<group>"; };
		B5457BC729FDBF12002C2AA6 /* en */ = {isa = PBXFileReference; lastKnownFileType = text.plist.stringsdict; name = en; path = en.lproj/Localizable.stringsdict; sourceTree = "<group>"; };
		B5457BC929FDBF19002C2AA6 /* hu */ = {isa = PBXFileReference; lastKnownFileType = text.plist.stringsdict; name = hu; path = hu.lproj/Localizable.stringsdict; sourceTree = "<group>"; };
		B5457BCB29FDC142002C2AA6 /* en */ = {isa = PBXFileReference; lastKnownFileType = text.json; name = en; path = en.lproj/Awards.json; sourceTree = "<group>"; };
		B5457BCD29FDC14B002C2AA6 /* hu */ = {isa = PBXFileReference; lastKnownFileType = text.json; name = hu; path = hu.lproj/Awards.json; sourceTree = "<group>"; };
		B5458B8129A93160000939A7 /* IssueRow.swift */ = {isa = PBXFileReference; lastKnownFileType = sourcecode.swift; path = IssueRow.swift; sourceTree = "<group>"; };
		B5458B8329A96779000939A7 /* IssueView.swift */ = {isa = PBXFileReference; lastKnownFileType = sourcecode.swift; path = IssueView.swift; sourceTree = "<group>"; };
		B5458B8529A96786000939A7 /* NoIssueView.swift */ = {isa = PBXFileReference; lastKnownFileType = sourcecode.swift; path = NoIssueView.swift; sourceTree = "<group>"; };
		B5486CC42A5CA9180068751D /* TagTests.swift */ = {isa = PBXFileReference; lastKnownFileType = sourcecode.swift; path = TagTests.swift; sourceTree = "<group>"; };
		B5486CC62A5CC10C0068751D /* AwardsTest.swift */ = {isa = PBXFileReference; lastKnownFileType = sourcecode.swift; path = AwardsTest.swift; sourceTree = "<group>"; };
		B5577D082B309DDD00F7D79D /* UltimatePortfolioUITests.xctest */ = {isa = PBXFileReference; explicitFileType = wrapper.cfbundle; includeInIndex = 0; path = UltimatePortfolioUITests.xctest; sourceTree = BUILT_PRODUCTS_DIR; };
		B5577D0A2B309DDD00F7D79D /* UltimatePortfolioUITests.swift */ = {isa = PBXFileReference; lastKnownFileType = sourcecode.swift; path = UltimatePortfolioUITests.swift; sourceTree = "<group>"; };
		B5577D0C2B309DDD00F7D79D /* UltimatePortfolioUITestsLaunchTests.swift */ = {isa = PBXFileReference; lastKnownFileType = sourcecode.swift; path = UltimatePortfolioUITestsLaunchTests.swift; sourceTree = "<group>"; };
		B5577D132B30DBA500F7D79D /* Configuration.storekit */ = {isa = PBXFileReference; lastKnownFileType = text; path = Configuration.storekit; sourceTree = "<group>"; };
		B5577D142B30E51C00F7D79D /* DataController-StoreKit.swift */ = {isa = PBXFileReference; lastKnownFileType = sourcecode.swift; path = "DataController-StoreKit.swift"; sourceTree = "<group>"; };
		B5577D172B30FC2D00F7D79D /* MyStoreView.swift */ = {isa = PBXFileReference; lastKnownFileType = sourcecode.swift; path = MyStoreView.swift; sourceTree = "<group>"; };
		B562275F2B87A06300E8119A /* AppDelegate.swift */ = {isa = PBXFileReference; lastKnownFileType = sourcecode.swift; path = AppDelegate.swift; sourceTree = "<group>"; };
		B56227612B87A07200E8119A /* SceneDelegate.swift */ = {isa = PBXFileReference; lastKnownFileType = sourcecode.swift; path = SceneDelegate.swift; sourceTree = "<group>"; };
		B572AF8829A6C968007DE280 /* Issue-CoreDataHelpers.swift */ = {isa = PBXFileReference; lastKnownFileType = sourcecode.swift; path = "Issue-CoreDataHelpers.swift"; sourceTree = "<group>"; };
		B57BAD2C2A1C29AE004F95B8 /* SidebarViewToolbar.swift */ = {isa = PBXFileReference; lastKnownFileType = sourcecode.swift; path = SidebarViewToolbar.swift; sourceTree = "<group>"; };
		B57BAD2E2A1C2C01004F95B8 /* IssueViewToolbar.swift */ = {isa = PBXFileReference; lastKnownFileType = sourcecode.swift; path = IssueViewToolbar.swift; sourceTree = "<group>"; };
		B57BAD302A1C2CE8004F95B8 /* ContentViewToolbar.swift */ = {isa = PBXFileReference; lastKnownFileType = sourcecode.swift; path = ContentViewToolbar.swift; sourceTree = "<group>"; };
		B57BAD322A1CFE83004F95B8 /* TagsMenuView.swift */ = {isa = PBXFileReference; lastKnownFileType = sourcecode.swift; path = TagsMenuView.swift; sourceTree = "<group>"; };
		B57BAD342A1D000E004F95B8 /* SmartFilterRow.swift */ = {isa = PBXFileReference; lastKnownFileType = sourcecode.swift; path = SmartFilterRow.swift; sourceTree = "<group>"; };
		B57BAD362A1D00B4004F95B8 /* UserFilterRow.swift */ = {isa = PBXFileReference; lastKnownFileType = sourcecode.swift; path = UserFilterRow.swift; sourceTree = "<group>"; };
		B59A28FC2A7C6D2E0000EB9C /* ExtensionTests.swift */ = {isa = PBXFileReference; fileEncoding = 4; lastKnownFileType = sourcecode.swift; path = ExtensionTests.swift; sourceTree = "<group>"; };
		B5A9ABBE2B2FA78800C61546 /* DecodableDictionary.json */ = {isa = PBXFileReference; lastKnownFileType = text.json; path = DecodableDictionary.json; sourceTree = "<group>"; };
		B5A9ABC02B2FA7CB00C61546 /* DecodableString.json */ = {isa = PBXFileReference; lastKnownFileType = text.json; path = DecodableString.json; sourceTree = "<group>"; };
		B5A9ABC22B2FAE6900C61546 /* PerformanceTests.swift */ = {isa = PBXFileReference; lastKnownFileType = sourcecode.swift; path = PerformanceTests.swift; sourceTree = "<group>"; };
		B5B094442AD597730004D16D /* ContentViewModel.swift */ = {isa = PBXFileReference; lastKnownFileType = sourcecode.swift; path = ContentViewModel.swift; sourceTree = "<group>"; };
		B5B094462AD599960004D16D /* IssueRowViewModel.swift */ = {isa = PBXFileReference; lastKnownFileType = sourcecode.swift; path = IssueRowViewModel.swift; sourceTree = "<group>"; };
		B5B0944C2ADD93010004D16D /* DataController-Notifications.swift */ = {isa = PBXFileReference; lastKnownFileType = sourcecode.swift; path = "DataController-Notifications.swift"; sourceTree = "<group>"; };
		B5B20A272BB833EB0032A117 /* PortfolioWidgetExtension.appex */ = {isa = PBXFileReference; explicitFileType = "wrapper.app-extension"; includeInIndex = 0; path = PortfolioWidgetExtension.appex; sourceTree = BUILT_PRODUCTS_DIR; };
		B5B20A292BB833EB0032A117 /* WidgetKit.framework */ = {isa = PBXFileReference; lastKnownFileType = wrapper.framework; name = WidgetKit.framework; path = System/Library/Frameworks/WidgetKit.framework; sourceTree = SDKROOT; };
		B5B20A2B2BB833EB0032A117 /* SwiftUI.framework */ = {isa = PBXFileReference; lastKnownFileType = wrapper.framework; name = SwiftUI.framework; path = System/Library/Frameworks/SwiftUI.framework; sourceTree = SDKROOT; };
		B5B20A2E2BB833EB0032A117 /* PortfolioWidgetBundle.swift */ = {isa = PBXFileReference; lastKnownFileType = sourcecode.swift; path = PortfolioWidgetBundle.swift; sourceTree = "<group>"; };
		B5B20A302BB833EB0032A117 /* PortfolioWidget.swift */ = {isa = PBXFileReference; lastKnownFileType = sourcecode.swift; path = PortfolioWidget.swift; sourceTree = "<group>"; };
		B5B20A322BB833EC0032A117 /* Assets.xcassets */ = {isa = PBXFileReference; lastKnownFileType = folder.assetcatalog; path = Assets.xcassets; sourceTree = "<group>"; };
		B5B20A342BB833EC0032A117 /* Info.plist */ = {isa = PBXFileReference; lastKnownFileType = text.plist.xml; path = Info.plist; sourceTree = "<group>"; };
		B5B20A442BB83BB00032A117 /* DataController-Awards.swift */ = {isa = PBXFileReference; lastKnownFileType = sourcecode.swift; path = "DataController-Awards.swift"; sourceTree = "<group>"; };
		B5B20A462BB8400F0032A117 /* PortfolioWidgetExtension.entitlements */ = {isa = PBXFileReference; lastKnownFileType = text.plist.entitlements; path = PortfolioWidgetExtension.entitlements; sourceTree = "<group>"; };
		B5B955CB2A3E37CA007ADEF9 /* AssetTests.swift */ = {isa = PBXFileReference; lastKnownFileType = sourcecode.swift; path = AssetTests.swift; sourceTree = "<group>"; };
		B5D65E7629E31BCF00AF0D2E /* Bundle-Decodable.swift */ = {isa = PBXFileReference; lastKnownFileType = sourcecode.swift; path = "Bundle-Decodable.swift"; sourceTree = "<group>"; };
		B5D65E7929E3300200AF0D2E /* Colors.xcassets */ = {isa = PBXFileReference; lastKnownFileType = folder.assetcatalog; path = Colors.xcassets; sourceTree = "<group>"; };
		B5D65E7C29E331DC00AF0D2E /* Award.swift */ = {isa = PBXFileReference; lastKnownFileType = sourcecode.swift; path = Award.swift; sourceTree = "<group>"; };
		B5D65E7E29E3348F00AF0D2E /* AwardsView.swift */ = {isa = PBXFileReference; lastKnownFileType = sourcecode.swift; path = AwardsView.swift; sourceTree = "<group>"; };
		B5F0BD8D2AE16CBA00E252B7 /* DataController-FilterAndSort.swift */ = {isa = PBXFileReference; lastKnownFileType = sourcecode.swift; path = "DataController-FilterAndSort.swift"; sourceTree = "<group>"; };
		B5FBE2512ABF78E500777D85 /* SidebarViewModel.swift */ = {isa = PBXFileReference; lastKnownFileType = sourcecode.swift; path = SidebarViewModel.swift; sourceTree = "<group>"; };
/* End PBXFileReference section */

/* Begin PBXFrameworksBuildPhase section */
		B531819B2A3E1BF00032D121 /* Frameworks */ = {
			isa = PBXFrameworksBuildPhase;
			buildActionMask = 2147483647;
			files = (
			);
			runOnlyForDeploymentPostprocessing = 0;
		};
		B53DB2AD29A6592F00577F20 /* Frameworks */ = {
			isa = PBXFrameworksBuildPhase;
			buildActionMask = 2147483647;
			files = (
			);
			runOnlyForDeploymentPostprocessing = 0;
		};
		B5577D052B309DDD00F7D79D /* Frameworks */ = {
			isa = PBXFrameworksBuildPhase;
			buildActionMask = 2147483647;
			files = (
			);
			runOnlyForDeploymentPostprocessing = 0;
		};
		B5B20A242BB833EB0032A117 /* Frameworks */ = {
			isa = PBXFrameworksBuildPhase;
			buildActionMask = 2147483647;
			files = (
				B5B20A2C2BB833EB0032A117 /* SwiftUI.framework in Frameworks */,
				B5B20A2A2BB833EB0032A117 /* WidgetKit.framework in Frameworks */,
			);
			runOnlyForDeploymentPostprocessing = 0;
		};
/* End PBXFrameworksBuildPhase section */

/* Begin PBXGroup section */
		B53181932A3E03520032D121 /* Configuration */ = {
			isa = PBXGroup;
			children = (
				B53DB2B929A6593000577F20 /* UltimatePortfolio.entitlements */,
				B53DB2C729A6AB6500577F20 /* Info.plist */,
				B5577D132B30DBA500F7D79D /* Configuration.storekit */,
				B53DB2C229A6595200577F20 /* Main.xcdatamodeld */,
			);
			path = Configuration;
			sourceTree = "<group>";
		};
		B53181942A3E037D0032D121 /* Extensions */ = {
			isa = PBXGroup;
			children = (
				B5D65E7629E31BCF00AF0D2E /* Bundle-Decodable.swift */,
				B572AF8829A6C968007DE280 /* Issue-CoreDataHelpers.swift */,
				B52235D329A7A8B80000E5E7 /* Tag-CoreDataHelpers.swift */,
			);
			path = Extensions;
			sourceTree = "<group>";
		};
		B53181952A3E03B00032D121 /* Localization */ = {
			isa = PBXGroup;
			children = (
				B5457BC429FDBE90002C2AA6 /* Localizable.strings */,
				B5457BC829FDBF12002C2AA6 /* Localizable.stringsdict */,
			);
			path = Localization;
			sourceTree = "<group>";
		};
		B53181962A3E081F0032D121 /* Filters */ = {
			isa = PBXGroup;
			children = (
				B53DB2CC29A6AFAC00577F20 /* Filter.swift */,
				B53DB2C829A6AE4200577F20 /* SidebarView.swift */,
				B5FBE2512ABF78E500777D85 /* SidebarViewModel.swift */,
				B57BAD342A1D000E004F95B8 /* SmartFilterRow.swift */,
				B57BAD2C2A1C29AE004F95B8 /* SidebarViewToolbar.swift */,
				B57BAD362A1D00B4004F95B8 /* UserFilterRow.swift */,
			);
			path = Filters;
			sourceTree = "<group>";
		};
		B53181972A3E08280032D121 /* Issues */ = {
			isa = PBXGroup;
			children = (
				B53DB2B529A6592F00577F20 /* ContentView.swift */,
				B5B094442AD597730004D16D /* ContentViewModel.swift */,
				B57BAD302A1C2CE8004F95B8 /* ContentViewToolbar.swift */,
				B5458B8129A93160000939A7 /* IssueRow.swift */,
				B5B094462AD599960004D16D /* IssueRowViewModel.swift */,
			);
			path = Issues;
			sourceTree = "<group>";
		};
		B53181982A3E08330032D121 /* Editing */ = {
			isa = PBXGroup;
			children = (
				B53DB2CA29A6AE5000577F20 /* DetailView.swift */,
				B5458B8329A96779000939A7 /* IssueView.swift */,
				B57BAD2E2A1C2C01004F95B8 /* IssueViewToolbar.swift */,
				B5458B8529A96786000939A7 /* NoIssueView.swift */,
				B57BAD322A1CFE83004F95B8 /* TagsMenuView.swift */,
			);
			path = Editing;
			sourceTree = "<group>";
		};
		B53181992A3E08410032D121 /* Awards */ = {
			isa = PBXGroup;
			children = (
				B5D65E7C29E331DC00AF0D2E /* Award.swift */,
				B5D65E7E29E3348F00AF0D2E /* AwardsView.swift */,
				B5457BCC29FDC142002C2AA6 /* Awards.json */,
			);
			path = Awards;
			sourceTree = "<group>";
		};
		B531819F2A3E1BF00032D121 /* UltimatePortfolioTests */ = {
			isa = PBXGroup;
			children = (
				B5A9ABBD2B2FA74700C61546 /* Fixtures */,
				B53181A82A3E357A0032D121 /* TestPlan.xctestplan */,
				B53181A02A3E1BF00032D121 /* UltimatePortfolioTests.swift */,
				B5B955CB2A3E37CA007ADEF9 /* AssetTests.swift */,
				B59A28FC2A7C6D2E0000EB9C /* ExtensionTests.swift */,
				B5A9ABC22B2FAE6900C61546 /* PerformanceTests.swift */,
				B5486CC62A5CC10C0068751D /* AwardsTest.swift */,
				B51641442A69FBF900401BB2 /* DevelopmentTests.swift */,
				B5486CC42A5CA9180068751D /* TagTests.swift */,
			);
			path = UltimatePortfolioTests;
			sourceTree = "<group>";
		};
		B53DB2A729A6592F00577F20 = {
			isa = PBXGroup;
			children = (
				B5B20A462BB8400F0032A117 /* PortfolioWidgetExtension.entitlements */,
				B53DB2B229A6592F00577F20 /* UltimatePortfolio */,
				B5B20A2D2BB833EB0032A117 /* PortfolioWidget */,
				B531819F2A3E1BF00032D121 /* UltimatePortfolioTests */,
				B5577D092B309DDD00F7D79D /* UltimatePortfolioUITests */,
				B5B20A282BB833EB0032A117 /* Frameworks */,
				B53DB2B129A6592F00577F20 /* Products */,
			);
			sourceTree = "<group>";
		};
		B53DB2B129A6592F00577F20 /* Products */ = {
			isa = PBXGroup;
			children = (
				B53DB2B029A6592F00577F20 /* UltimatePortfolio.app */,
				B531819E2A3E1BF00032D121 /* UltimatePortfolioTests.xctest */,
				B5577D082B309DDD00F7D79D /* UltimatePortfolioUITests.xctest */,
				B5B20A272BB833EB0032A117 /* PortfolioWidgetExtension.appex */,
			);
			name = Products;
			sourceTree = "<group>";
		};
		B53DB2B229A6592F00577F20 /* UltimatePortfolio */ = {
			isa = PBXGroup;
			children = (
				B53DB2B329A6592F00577F20 /* UltimatePortfolioApp.swift */,
				B53DB2C529A6676000577F20 /* DataController.swift */,
				B562275F2B87A06300E8119A /* AppDelegate.swift */,
				B56227612B87A07200E8119A /* SceneDelegate.swift */,
				B5B0944C2ADD93010004D16D /* DataController-Notifications.swift */,
				B5F0BD8D2AE16CBA00E252B7 /* DataController-FilterAndSort.swift */,
				B5577D142B30E51C00F7D79D /* DataController-StoreKit.swift */,
				B5B20A442BB83BB00032A117 /* DataController-Awards.swift */,
				B5577D162B30FC1200F7D79D /* Store */,
				B53181962A3E081F0032D121 /* Filters */,
				B53181972A3E08280032D121 /* Issues */,
				B53181982A3E08330032D121 /* Editing */,
				B53181992A3E08410032D121 /* Awards */,
				B53181942A3E037D0032D121 /* Extensions */,
				B53181952A3E03B00032D121 /* Localization */,
				B53181932A3E03520032D121 /* Configuration */,
				B5D65E7929E3300200AF0D2E /* Colors.xcassets */,
				B53DB2B729A6593000577F20 /* Assets.xcassets */,
				B53DB2BA29A6593000577F20 /* Preview Content */,
			);
			path = UltimatePortfolio;
			sourceTree = "<group>";
		};
		B53DB2BA29A6593000577F20 /* Preview Content */ = {
			isa = PBXGroup;
			children = (
				B53DB2BB29A6593000577F20 /* Preview Assets.xcassets */,
			);
			path = "Preview Content";
			sourceTree = "<group>";
		};
		B5577D092B309DDD00F7D79D /* UltimatePortfolioUITests */ = {
			isa = PBXGroup;
			children = (
				B5577D0A2B309DDD00F7D79D /* UltimatePortfolioUITests.swift */,
				B5577D0C2B309DDD00F7D79D /* UltimatePortfolioUITestsLaunchTests.swift */,
			);
			path = UltimatePortfolioUITests;
			sourceTree = "<group>";
		};
		B5577D162B30FC1200F7D79D /* Store */ = {
			isa = PBXGroup;
			children = (
				B5577D172B30FC2D00F7D79D /* MyStoreView.swift */,
			);
			path = Store;
			sourceTree = "<group>";
		};
		B5A9ABBD2B2FA74700C61546 /* Fixtures */ = {
			isa = PBXGroup;
			children = (
				B5A9ABBE2B2FA78800C61546 /* DecodableDictionary.json */,
				B5A9ABC02B2FA7CB00C61546 /* DecodableString.json */,
			);
			path = Fixtures;
			sourceTree = "<group>";
		};
		B5B20A282BB833EB0032A117 /* Frameworks */ = {
			isa = PBXGroup;
			children = (
				B5B20A292BB833EB0032A117 /* WidgetKit.framework */,
				B5B20A2B2BB833EB0032A117 /* SwiftUI.framework */,
			);
			name = Frameworks;
			sourceTree = "<group>";
		};
		B5B20A2D2BB833EB0032A117 /* PortfolioWidget */ = {
			isa = PBXGroup;
			children = (
				B5B20A2E2BB833EB0032A117 /* PortfolioWidgetBundle.swift */,
				B5B20A302BB833EB0032A117 /* PortfolioWidget.swift */,
				B5B20A322BB833EC0032A117 /* Assets.xcassets */,
				B5B20A342BB833EC0032A117 /* Info.plist */,
			);
			path = PortfolioWidget;
			sourceTree = "<group>";
		};
/* End PBXGroup section */

/* Begin PBXNativeTarget section */
		B531819D2A3E1BF00032D121 /* UltimatePortfolioTests */ = {
			isa = PBXNativeTarget;
			buildConfigurationList = B53181A42A3E1BF00032D121 /* Build configuration list for PBXNativeTarget "UltimatePortfolioTests" */;
			buildPhases = (
				B531819A2A3E1BF00032D121 /* Sources */,
				B531819B2A3E1BF00032D121 /* Frameworks */,
				B531819C2A3E1BF00032D121 /* Resources */,
			);
			buildRules = (
			);
			dependencies = (
				B53181A32A3E1BF00032D121 /* PBXTargetDependency */,
			);
			name = UltimatePortfolioTests;
			productName = UltimatePortfolioTests;
			productReference = B531819E2A3E1BF00032D121 /* UltimatePortfolioTests.xctest */;
			productType = "com.apple.product-type.bundle.unit-test";
		};
		B53DB2AF29A6592F00577F20 /* UltimatePortfolio */ = {
			isa = PBXNativeTarget;
			buildConfigurationList = B53DB2BF29A6593000577F20 /* Build configuration list for PBXNativeTarget "UltimatePortfolio" */;
			buildPhases = (
				B53DB2AC29A6592F00577F20 /* Sources */,
				B53DB2AD29A6592F00577F20 /* Frameworks */,
				B53DB2AE29A6592F00577F20 /* Resources */,
				B53181922A3CFB150032D121 /* SwiftLint */,
				B5B20A382BB833EC0032A117 /* Embed Foundation Extensions */,
			);
			buildRules = (
			);
			dependencies = (
				B5B20A362BB833EC0032A117 /* PBXTargetDependency */,
			);
			name = UltimatePortfolio;
			productName = UltimatePortfolio;
			productReference = B53DB2B029A6592F00577F20 /* UltimatePortfolio.app */;
			productType = "com.apple.product-type.application";
		};
		B5577D072B309DDD00F7D79D /* UltimatePortfolioUITests */ = {
			isa = PBXNativeTarget;
			buildConfigurationList = B5577D122B309DDD00F7D79D /* Build configuration list for PBXNativeTarget "UltimatePortfolioUITests" */;
			buildPhases = (
				B5577D042B309DDD00F7D79D /* Sources */,
				B5577D052B309DDD00F7D79D /* Frameworks */,
				B5577D062B309DDD00F7D79D /* Resources */,
			);
			buildRules = (
			);
			dependencies = (
				B5577D0F2B309DDD00F7D79D /* PBXTargetDependency */,
			);
			name = UltimatePortfolioUITests;
			productName = UltimatePortfolioUITests;
			productReference = B5577D082B309DDD00F7D79D /* UltimatePortfolioUITests.xctest */;
			productType = "com.apple.product-type.bundle.ui-testing";
		};
		B5B20A262BB833EB0032A117 /* PortfolioWidgetExtension */ = {
			isa = PBXNativeTarget;
			buildConfigurationList = B5B20A3B2BB833EC0032A117 /* Build configuration list for PBXNativeTarget "PortfolioWidgetExtension" */;
			buildPhases = (
				B5B20A232BB833EB0032A117 /* Sources */,
				B5B20A242BB833EB0032A117 /* Frameworks */,
				B5B20A252BB833EB0032A117 /* Resources */,
			);
			buildRules = (
			);
			dependencies = (
			);
			name = PortfolioWidgetExtension;
			productName = PortfolioWidgetExtension;
			productReference = B5B20A272BB833EB0032A117 /* PortfolioWidgetExtension.appex */;
			productType = "com.apple.product-type.app-extension";
		};
/* End PBXNativeTarget section */

/* Begin PBXProject section */
		B53DB2A829A6592F00577F20 /* Project object */ = {
			isa = PBXProject;
			attributes = {
				BuildIndependentTargetsInParallel = 1;
				LastSwiftUpdateCheck = 1530;
				LastUpgradeCheck = 1500;
				TargetAttributes = {
					B531819D2A3E1BF00032D121 = {
						CreatedOnToolsVersion = 15.0;
						TestTargetID = B53DB2AF29A6592F00577F20;
					};
					B53DB2AF29A6592F00577F20 = {
						CreatedOnToolsVersion = 14.2;
					};
					B5577D072B309DDD00F7D79D = {
						CreatedOnToolsVersion = 15.1;
						TestTargetID = B53DB2AF29A6592F00577F20;
					};
					B5B20A262BB833EB0032A117 = {
						CreatedOnToolsVersion = 15.3;
					};
				};
			};
			buildConfigurationList = B53DB2AB29A6592F00577F20 /* Build configuration list for PBXProject "UltimatePortfolio" */;
			compatibilityVersion = "Xcode 14.0";
			developmentRegion = en;
			hasScannedForEncodings = 0;
			knownRegions = (
				en,
				Base,
				hu,
			);
			mainGroup = B53DB2A729A6592F00577F20;
			productRefGroup = B53DB2B129A6592F00577F20 /* Products */;
			projectDirPath = "";
			projectRoot = "";
			targets = (
				B53DB2AF29A6592F00577F20 /* UltimatePortfolio */,
				B531819D2A3E1BF00032D121 /* UltimatePortfolioTests */,
				B5577D072B309DDD00F7D79D /* UltimatePortfolioUITests */,
				B5B20A262BB833EB0032A117 /* PortfolioWidgetExtension */,
			);
		};
/* End PBXProject section */

/* Begin PBXResourcesBuildPhase section */
		B531819C2A3E1BF00032D121 /* Resources */ = {
			isa = PBXResourcesBuildPhase;
			buildActionMask = 2147483647;
			files = (
				B5A9ABBF2B2FA78800C61546 /* DecodableDictionary.json in Resources */,
				B5A9ABC12B2FA7CB00C61546 /* DecodableString.json in Resources */,
			);
			runOnlyForDeploymentPostprocessing = 0;
		};
		B53DB2AE29A6592F00577F20 /* Resources */ = {
			isa = PBXResourcesBuildPhase;
			buildActionMask = 2147483647;
			files = (
				B53DB2BC29A6593000577F20 /* Preview Assets.xcassets in Resources */,
				B5457BC229FDBE90002C2AA6 /* Localizable.strings in Resources */,
				B5D65E7B29E3300200AF0D2E /* Colors.xcassets in Resources */,
				B5457BCA29FDC142002C2AA6 /* Awards.json in Resources */,
				B53DB2B829A6593000577F20 /* Assets.xcassets in Resources */,
				B5457BC629FDBF12002C2AA6 /* Localizable.stringsdict in Resources */,
			);
			runOnlyForDeploymentPostprocessing = 0;
		};
		B5577D062B309DDD00F7D79D /* Resources */ = {
			isa = PBXResourcesBuildPhase;
			buildActionMask = 2147483647;
			files = (
			);
			runOnlyForDeploymentPostprocessing = 0;
		};
		B5B20A252BB833EB0032A117 /* Resources */ = {
			isa = PBXResourcesBuildPhase;
			buildActionMask = 2147483647;
			files = (
				B5B20A332BB833EC0032A117 /* Assets.xcassets in Resources */,
			);
			runOnlyForDeploymentPostprocessing = 0;
		};
/* End PBXResourcesBuildPhase section */

/* Begin PBXShellScriptBuildPhase section */
		B53181922A3CFB150032D121 /* SwiftLint */ = {
			isa = PBXShellScriptBuildPhase;
			alwaysOutOfDate = 1;
			buildActionMask = 2147483647;
			files = (
			);
			inputFileListPaths = (
			);
			inputPaths = (
			);
			name = SwiftLint;
			outputFileListPaths = (
			);
			outputPaths = (
			);
			runOnlyForDeploymentPostprocessing = 0;
			shellPath = /bin/sh;
			shellScript = "if [[ \"$(uname -m)\" == arm64 ]]; then\n    export PATH=\"/opt/homebrew/bin:$PATH\"\nfi\n\nif which swiftlint > /dev/null; then\n  swiftlint\nelse\n  echo \"warning: SwiftLint not installed, download from https://github.com/realm/SwiftLint\"\nfi\n";
		};
/* End PBXShellScriptBuildPhase section */

/* Begin PBXSourcesBuildPhase section */
		B531819A2A3E1BF00032D121 /* Sources */ = {
			isa = PBXSourcesBuildPhase;
			buildActionMask = 2147483647;
			files = (
				B5A9ABC32B2FAE6900C61546 /* PerformanceTests.swift in Sources */,
				B5B955CC2A3E37CA007ADEF9 /* AssetTests.swift in Sources */,
				B5486CC72A5CC10C0068751D /* AwardsTest.swift in Sources */,
				B5486CC52A5CA9180068751D /* TagTests.swift in Sources */,
				B59A28FD2A7C6D2E0000EB9C /* ExtensionTests.swift in Sources */,
				B53181A12A3E1BF00032D121 /* UltimatePortfolioTests.swift in Sources */,
				B51641452A69FBF900401BB2 /* DevelopmentTests.swift in Sources */,
			);
			runOnlyForDeploymentPostprocessing = 0;
		};
		B53DB2AC29A6592F00577F20 /* Sources */ = {
			isa = PBXSourcesBuildPhase;
			buildActionMask = 2147483647;
			files = (
				B53DB2CD29A6AFAC00577F20 /* Filter.swift in Sources */,
				B57BAD332A1CFE83004F95B8 /* TagsMenuView.swift in Sources */,
				B5D65E7D29E331DC00AF0D2E /* Award.swift in Sources */,
				B57BAD2F2A1C2C01004F95B8 /* IssueViewToolbar.swift in Sources */,
				B56227602B87A06300E8119A /* AppDelegate.swift in Sources */,
				B56227622B87A07200E8119A /* SceneDelegate.swift in Sources */,
				B57BAD352A1D000E004F95B8 /* SmartFilterRow.swift in Sources */,
				B5D65E7F29E3348F00AF0D2E /* AwardsView.swift in Sources */,
				B5B20A452BB83BB00032A117 /* DataController-Awards.swift in Sources */,
				B5B0944D2ADD93010004D16D /* DataController-Notifications.swift in Sources */,
				B52235D429A7A8B80000E5E7 /* Tag-CoreDataHelpers.swift in Sources */,
				B53DB2C429A6595200577F20 /* Main.xcdatamodeld in Sources */,
				B572AF8929A6C968007DE280 /* Issue-CoreDataHelpers.swift in Sources */,
				B5D65E7729E31BCF00AF0D2E /* Bundle-Decodable.swift in Sources */,
				B53DB2CB29A6AE5000577F20 /* DetailView.swift in Sources */,
				B5FBE2522ABF78E500777D85 /* SidebarViewModel.swift in Sources */,
				B5B094452AD597730004D16D /* ContentViewModel.swift in Sources */,
				B53DB2C629A6676000577F20 /* DataController.swift in Sources */,
				B57BAD312A1C2CE8004F95B8 /* ContentViewToolbar.swift in Sources */,
				B53DB2C929A6AE4200577F20 /* SidebarView.swift in Sources */,
				B5F0BD8E2AE16CBA00E252B7 /* DataController-FilterAndSort.swift in Sources */,
				B53DB2B629A6592F00577F20 /* ContentView.swift in Sources */,
				B57BAD2D2A1C29AE004F95B8 /* SidebarViewToolbar.swift in Sources */,
				B5458B8429A96779000939A7 /* IssueView.swift in Sources */,
				B5577D152B30E51C00F7D79D /* DataController-StoreKit.swift in Sources */,
				B57BAD372A1D00B4004F95B8 /* UserFilterRow.swift in Sources */,
				B5458B8629A96786000939A7 /* NoIssueView.swift in Sources */,
				B5458B8229A93160000939A7 /* IssueRow.swift in Sources */,
				B53DB2B429A6592F00577F20 /* UltimatePortfolioApp.swift in Sources */,
				B5577D182B30FC2D00F7D79D /* MyStoreView.swift in Sources */,
				B5B094472AD599960004D16D /* IssueRowViewModel.swift in Sources */,
			);
			runOnlyForDeploymentPostprocessing = 0;
		};
		B5577D042B309DDD00F7D79D /* Sources */ = {
			isa = PBXSourcesBuildPhase;
			buildActionMask = 2147483647;
			files = (
				B5577D0D2B309DDD00F7D79D /* UltimatePortfolioUITestsLaunchTests.swift in Sources */,
				B5577D0B2B309DDD00F7D79D /* UltimatePortfolioUITests.swift in Sources */,
			);
			runOnlyForDeploymentPostprocessing = 0;
		};
		B5B20A232BB833EB0032A117 /* Sources */ = {
			isa = PBXSourcesBuildPhase;
			buildActionMask = 2147483647;
			files = (
				B5B20A402BB83A280032A117 /* Filter.swift in Sources */,
				B5B20A3C2BB8397B0032A117 /* Main.xcdatamodeld in Sources */,
				B5B20A3D2BB839910032A117 /* DataController.swift in Sources */,
				B5B20A312BB833EB0032A117 /* PortfolioWidget.swift in Sources */,
				B5B20A432BB83A940032A117 /* DataController-StoreKit.swift in Sources */,
				B5B20A3E2BB839A10032A117 /* Tag-CoreDataHelpers.swift in Sources */,
				B5B20A3F2BB839A10032A117 /* Issue-CoreDataHelpers.swift in Sources */,
				B5B20A2F2BB833EB0032A117 /* PortfolioWidgetBundle.swift in Sources */,
			);
			runOnlyForDeploymentPostprocessing = 0;
		};
/* End PBXSourcesBuildPhase section */

/* Begin PBXTargetDependency section */
		B53181A32A3E1BF00032D121 /* PBXTargetDependency */ = {
			isa = PBXTargetDependency;
			target = B53DB2AF29A6592F00577F20 /* UltimatePortfolio */;
			targetProxy = B53181A22A3E1BF00032D121 /* PBXContainerItemProxy */;
		};
		B5577D0F2B309DDD00F7D79D /* PBXTargetDependency */ = {
			isa = PBXTargetDependency;
			target = B53DB2AF29A6592F00577F20 /* UltimatePortfolio */;
			targetProxy = B5577D0E2B309DDD00F7D79D /* PBXContainerItemProxy */;
		};
		B5B20A362BB833EC0032A117 /* PBXTargetDependency */ = {
			isa = PBXTargetDependency;
			target = B5B20A262BB833EB0032A117 /* PortfolioWidgetExtension */;
			targetProxy = B5B20A352BB833EC0032A117 /* PBXContainerItemProxy */;
		};
/* End PBXTargetDependency section */

/* Begin PBXVariantGroup section */
		B5457BC429FDBE90002C2AA6 /* Localizable.strings */ = {
			isa = PBXVariantGroup;
			children = (
				B5457BC329FDBE90002C2AA6 /* en */,
				B5457BC529FDBEAF002C2AA6 /* hu */,
			);
			name = Localizable.strings;
			sourceTree = "<group>";
		};
		B5457BC829FDBF12002C2AA6 /* Localizable.stringsdict */ = {
			isa = PBXVariantGroup;
			children = (
				B5457BC729FDBF12002C2AA6 /* en */,
				B5457BC929FDBF19002C2AA6 /* hu */,
			);
			name = Localizable.stringsdict;
			sourceTree = "<group>";
		};
		B5457BCC29FDC142002C2AA6 /* Awards.json */ = {
			isa = PBXVariantGroup;
			children = (
				B5457BCB29FDC142002C2AA6 /* en */,
				B5457BCD29FDC14B002C2AA6 /* hu */,
			);
			name = Awards.json;
			sourceTree = "<group>";
		};
/* End PBXVariantGroup section */

/* Begin XCBuildConfiguration section */
		B53181A52A3E1BF00032D121 /* Debug */ = {
			isa = XCBuildConfiguration;
			buildSettings = {
				ASSETCATALOG_COMPILER_GENERATE_SWIFT_ASSET_SYMBOL_EXTENSIONS = YES;
				BUNDLE_LOADER = "$(TEST_HOST)";
				CODE_SIGN_STYLE = Automatic;
				CURRENT_PROJECT_VERSION = 1;
				DEVELOPMENT_TEAM = 5M7L7W2WHX;
				ENABLE_USER_SCRIPT_SANDBOXING = YES;
				GCC_C_LANGUAGE_STANDARD = gnu17;
				GENERATE_INFOPLIST_FILE = YES;
				IPHONEOS_DEPLOYMENT_TARGET = 17.0;
				LOCALIZATION_PREFERS_STRING_CATALOGS = YES;
				MARKETING_VERSION = 1.0;
				PRODUCT_BUNDLE_IDENTIFIER = com.hunterdobbapps.UltimatePortfolioTests;
				PRODUCT_NAME = "$(TARGET_NAME)";
				SDKROOT = iphoneos;
				SWIFT_ACTIVE_COMPILATION_CONDITIONS = "DEBUG $(inherited)";
				SWIFT_EMIT_LOC_STRINGS = NO;
				SWIFT_VERSION = 5.0;
				TARGETED_DEVICE_FAMILY = "1,2";
				TEST_HOST = "$(BUILT_PRODUCTS_DIR)/UltimatePortfolio.app/$(BUNDLE_EXECUTABLE_FOLDER_PATH)/UltimatePortfolio";
			};
			name = Debug;
		};
		B53181A62A3E1BF00032D121 /* Release */ = {
			isa = XCBuildConfiguration;
			buildSettings = {
				ASSETCATALOG_COMPILER_GENERATE_SWIFT_ASSET_SYMBOL_EXTENSIONS = YES;
				BUNDLE_LOADER = "$(TEST_HOST)";
				CODE_SIGN_STYLE = Automatic;
				CURRENT_PROJECT_VERSION = 1;
				DEVELOPMENT_TEAM = 5M7L7W2WHX;
				ENABLE_USER_SCRIPT_SANDBOXING = YES;
				GCC_C_LANGUAGE_STANDARD = gnu17;
				GENERATE_INFOPLIST_FILE = YES;
				IPHONEOS_DEPLOYMENT_TARGET = 17.0;
				LOCALIZATION_PREFERS_STRING_CATALOGS = YES;
				MARKETING_VERSION = 1.0;
				PRODUCT_BUNDLE_IDENTIFIER = com.hunterdobbapps.UltimatePortfolioTests;
				PRODUCT_NAME = "$(TARGET_NAME)";
				SDKROOT = iphoneos;
				SWIFT_EMIT_LOC_STRINGS = NO;
				SWIFT_VERSION = 5.0;
				TARGETED_DEVICE_FAMILY = "1,2";
				TEST_HOST = "$(BUILT_PRODUCTS_DIR)/UltimatePortfolio.app/$(BUNDLE_EXECUTABLE_FOLDER_PATH)/UltimatePortfolio";
				VALIDATE_PRODUCT = YES;
			};
			name = Release;
		};
		B53DB2BD29A6593000577F20 /* Debug */ = {
			isa = XCBuildConfiguration;
			buildSettings = {
				ALWAYS_SEARCH_USER_PATHS = NO;
				ASSETCATALOG_COMPILER_GENERATE_SWIFT_ASSET_SYMBOL_EXTENSIONS = YES;
				CLANG_ANALYZER_LOCALIZABILITY_NONLOCALIZED = YES;
				CLANG_ANALYZER_NONNULL = YES;
				CLANG_ANALYZER_NUMBER_OBJECT_CONVERSION = YES_AGGRESSIVE;
				CLANG_CXX_LANGUAGE_STANDARD = "gnu++20";
				CLANG_ENABLE_MODULES = YES;
				CLANG_ENABLE_OBJC_ARC = YES;
				CLANG_ENABLE_OBJC_WEAK = YES;
				CLANG_WARN_BLOCK_CAPTURE_AUTORELEASING = YES;
				CLANG_WARN_BOOL_CONVERSION = YES;
				CLANG_WARN_COMMA = YES;
				CLANG_WARN_CONSTANT_CONVERSION = YES;
				CLANG_WARN_DEPRECATED_OBJC_IMPLEMENTATIONS = YES;
				CLANG_WARN_DIRECT_OBJC_ISA_USAGE = YES_ERROR;
				CLANG_WARN_DOCUMENTATION_COMMENTS = YES;
				CLANG_WARN_EMPTY_BODY = YES;
				CLANG_WARN_ENUM_CONVERSION = YES;
				CLANG_WARN_INFINITE_RECURSION = YES;
				CLANG_WARN_INT_CONVERSION = YES;
				CLANG_WARN_NON_LITERAL_NULL_CONVERSION = YES;
				CLANG_WARN_OBJC_IMPLICIT_RETAIN_SELF = YES;
				CLANG_WARN_OBJC_LITERAL_CONVERSION = YES;
				CLANG_WARN_OBJC_ROOT_CLASS = YES_ERROR;
				CLANG_WARN_QUOTED_INCLUDE_IN_FRAMEWORK_HEADER = YES;
				CLANG_WARN_RANGE_LOOP_ANALYSIS = YES;
				CLANG_WARN_STRICT_PROTOTYPES = YES;
				CLANG_WARN_SUSPICIOUS_MOVE = YES;
				CLANG_WARN_UNGUARDED_AVAILABILITY = YES_AGGRESSIVE;
				CLANG_WARN_UNREACHABLE_CODE = YES;
				CLANG_WARN__DUPLICATE_METHOD_MATCH = YES;
				COPY_PHASE_STRIP = NO;
				DEAD_CODE_STRIPPING = YES;
				DEBUG_INFORMATION_FORMAT = dwarf;
				ENABLE_STRICT_OBJC_MSGSEND = YES;
				ENABLE_TESTABILITY = YES;
				GCC_C_LANGUAGE_STANDARD = gnu11;
				GCC_DYNAMIC_NO_PIC = NO;
				GCC_NO_COMMON_BLOCKS = YES;
				GCC_OPTIMIZATION_LEVEL = 0;
				GCC_PREPROCESSOR_DEFINITIONS = (
					"DEBUG=1",
					"$(inherited)",
				);
				GCC_WARN_64_TO_32_BIT_CONVERSION = YES;
				GCC_WARN_ABOUT_RETURN_TYPE = YES_ERROR;
				GCC_WARN_UNDECLARED_SELECTOR = YES;
				GCC_WARN_UNINITIALIZED_AUTOS = YES_AGGRESSIVE;
				GCC_WARN_UNUSED_FUNCTION = YES;
				GCC_WARN_UNUSED_VARIABLE = YES;
				MTL_ENABLE_DEBUG_INFO = INCLUDE_SOURCE;
				MTL_FAST_MATH = YES;
				ONLY_ACTIVE_ARCH = YES;
				SWIFT_ACTIVE_COMPILATION_CONDITIONS = DEBUG;
				SWIFT_OPTIMIZATION_LEVEL = "-Onone";
			};
			name = Debug;
		};
		B53DB2BE29A6593000577F20 /* Release */ = {
			isa = XCBuildConfiguration;
			buildSettings = {
				ALWAYS_SEARCH_USER_PATHS = NO;
				ASSETCATALOG_COMPILER_GENERATE_SWIFT_ASSET_SYMBOL_EXTENSIONS = YES;
				CLANG_ANALYZER_LOCALIZABILITY_NONLOCALIZED = YES;
				CLANG_ANALYZER_NONNULL = YES;
				CLANG_ANALYZER_NUMBER_OBJECT_CONVERSION = YES_AGGRESSIVE;
				CLANG_CXX_LANGUAGE_STANDARD = "gnu++20";
				CLANG_ENABLE_MODULES = YES;
				CLANG_ENABLE_OBJC_ARC = YES;
				CLANG_ENABLE_OBJC_WEAK = YES;
				CLANG_WARN_BLOCK_CAPTURE_AUTORELEASING = YES;
				CLANG_WARN_BOOL_CONVERSION = YES;
				CLANG_WARN_COMMA = YES;
				CLANG_WARN_CONSTANT_CONVERSION = YES;
				CLANG_WARN_DEPRECATED_OBJC_IMPLEMENTATIONS = YES;
				CLANG_WARN_DIRECT_OBJC_ISA_USAGE = YES_ERROR;
				CLANG_WARN_DOCUMENTATION_COMMENTS = YES;
				CLANG_WARN_EMPTY_BODY = YES;
				CLANG_WARN_ENUM_CONVERSION = YES;
				CLANG_WARN_INFINITE_RECURSION = YES;
				CLANG_WARN_INT_CONVERSION = YES;
				CLANG_WARN_NON_LITERAL_NULL_CONVERSION = YES;
				CLANG_WARN_OBJC_IMPLICIT_RETAIN_SELF = YES;
				CLANG_WARN_OBJC_LITERAL_CONVERSION = YES;
				CLANG_WARN_OBJC_ROOT_CLASS = YES_ERROR;
				CLANG_WARN_QUOTED_INCLUDE_IN_FRAMEWORK_HEADER = YES;
				CLANG_WARN_RANGE_LOOP_ANALYSIS = YES;
				CLANG_WARN_STRICT_PROTOTYPES = YES;
				CLANG_WARN_SUSPICIOUS_MOVE = YES;
				CLANG_WARN_UNGUARDED_AVAILABILITY = YES_AGGRESSIVE;
				CLANG_WARN_UNREACHABLE_CODE = YES;
				CLANG_WARN__DUPLICATE_METHOD_MATCH = YES;
				COPY_PHASE_STRIP = NO;
				DEAD_CODE_STRIPPING = YES;
				DEBUG_INFORMATION_FORMAT = "dwarf-with-dsym";
				ENABLE_NS_ASSERTIONS = NO;
				ENABLE_STRICT_OBJC_MSGSEND = YES;
				GCC_C_LANGUAGE_STANDARD = gnu11;
				GCC_NO_COMMON_BLOCKS = YES;
				GCC_WARN_64_TO_32_BIT_CONVERSION = YES;
				GCC_WARN_ABOUT_RETURN_TYPE = YES_ERROR;
				GCC_WARN_UNDECLARED_SELECTOR = YES;
				GCC_WARN_UNINITIALIZED_AUTOS = YES_AGGRESSIVE;
				GCC_WARN_UNUSED_FUNCTION = YES;
				GCC_WARN_UNUSED_VARIABLE = YES;
				MTL_ENABLE_DEBUG_INFO = NO;
				MTL_FAST_MATH = YES;
				SWIFT_COMPILATION_MODE = wholemodule;
				SWIFT_OPTIMIZATION_LEVEL = "-O";
			};
			name = Release;
		};
		B53DB2C029A6593000577F20 /* Debug */ = {
			isa = XCBuildConfiguration;
			buildSettings = {
				ALWAYS_EMBED_SWIFT_STANDARD_LIBRARIES = YES;
				ASSETCATALOG_COMPILER_APPICON_NAME = AppIcon;
				ASSETCATALOG_COMPILER_GLOBAL_ACCENT_COLOR_NAME = AccentColor;
				CODE_SIGN_ENTITLEMENTS = UltimatePortfolio/Configuration/UltimatePortfolio.entitlements;
				CODE_SIGN_STYLE = Automatic;
				CURRENT_PROJECT_VERSION = 1;
				DEAD_CODE_STRIPPING = YES;
				DEVELOPMENT_ASSET_PATHS = "\"UltimatePortfolio/Preview Content\"";
				DEVELOPMENT_TEAM = 5M7L7W2WHX;
				ENABLE_HARDENED_RUNTIME = YES;
				ENABLE_PREVIEWS = YES;
				GENERATE_INFOPLIST_FILE = YES;
				INFOPLIST_FILE = UltimatePortfolio/Configuration/Info.plist;
				"INFOPLIST_KEY_UIApplicationSceneManifest_Generation[sdk=iphoneos*]" = YES;
				"INFOPLIST_KEY_UIApplicationSceneManifest_Generation[sdk=iphonesimulator*]" = YES;
				"INFOPLIST_KEY_UIApplicationSupportsIndirectInputEvents[sdk=iphoneos*]" = YES;
				"INFOPLIST_KEY_UIApplicationSupportsIndirectInputEvents[sdk=iphonesimulator*]" = YES;
				"INFOPLIST_KEY_UILaunchScreen_Generation[sdk=iphoneos*]" = YES;
				"INFOPLIST_KEY_UILaunchScreen_Generation[sdk=iphonesimulator*]" = YES;
				"INFOPLIST_KEY_UIStatusBarStyle[sdk=iphoneos*]" = UIStatusBarStyleDefault;
				"INFOPLIST_KEY_UIStatusBarStyle[sdk=iphonesimulator*]" = UIStatusBarStyleDefault;
				INFOPLIST_KEY_UISupportedInterfaceOrientations_iPad = "UIInterfaceOrientationPortrait UIInterfaceOrientationPortraitUpsideDown UIInterfaceOrientationLandscapeLeft UIInterfaceOrientationLandscapeRight";
				INFOPLIST_KEY_UISupportedInterfaceOrientations_iPhone = "UIInterfaceOrientationPortrait UIInterfaceOrientationLandscapeLeft UIInterfaceOrientationLandscapeRight";
				IPHONEOS_DEPLOYMENT_TARGET = 17.0;
				LD_RUNPATH_SEARCH_PATHS = "@executable_path/Frameworks";
				"LD_RUNPATH_SEARCH_PATHS[sdk=macosx*]" = "@executable_path/../Frameworks";
				MACOSX_DEPLOYMENT_TARGET = 13.1;
				MARKETING_VERSION = 1.0;
				PRODUCT_BUNDLE_IDENTIFIER = com.hunterdobbapps.UltimatePortfolio;
				PRODUCT_NAME = "$(TARGET_NAME)";
				SDKROOT = auto;
				SUPPORTED_PLATFORMS = "iphoneos iphonesimulator macosx";
				SWIFT_EMIT_LOC_STRINGS = YES;
				SWIFT_VERSION = 5.0;
				TARGETED_DEVICE_FAMILY = "1,2";
			};
			name = Debug;
		};
		B53DB2C129A6593000577F20 /* Release */ = {
			isa = XCBuildConfiguration;
			buildSettings = {
				ALWAYS_EMBED_SWIFT_STANDARD_LIBRARIES = YES;
				ASSETCATALOG_COMPILER_APPICON_NAME = AppIcon;
				ASSETCATALOG_COMPILER_GLOBAL_ACCENT_COLOR_NAME = AccentColor;
				CODE_SIGN_ENTITLEMENTS = UltimatePortfolio/Configuration/UltimatePortfolio.entitlements;
				CODE_SIGN_STYLE = Automatic;
				CURRENT_PROJECT_VERSION = 1;
				DEAD_CODE_STRIPPING = YES;
				DEVELOPMENT_ASSET_PATHS = "\"UltimatePortfolio/Preview Content\"";
				DEVELOPMENT_TEAM = 5M7L7W2WHX;
				ENABLE_HARDENED_RUNTIME = YES;
				ENABLE_PREVIEWS = YES;
				GENERATE_INFOPLIST_FILE = YES;
				INFOPLIST_FILE = UltimatePortfolio/Configuration/Info.plist;
				"INFOPLIST_KEY_UIApplicationSceneManifest_Generation[sdk=iphoneos*]" = YES;
				"INFOPLIST_KEY_UIApplicationSceneManifest_Generation[sdk=iphonesimulator*]" = YES;
				"INFOPLIST_KEY_UIApplicationSupportsIndirectInputEvents[sdk=iphoneos*]" = YES;
				"INFOPLIST_KEY_UIApplicationSupportsIndirectInputEvents[sdk=iphonesimulator*]" = YES;
				"INFOPLIST_KEY_UILaunchScreen_Generation[sdk=iphoneos*]" = YES;
				"INFOPLIST_KEY_UILaunchScreen_Generation[sdk=iphonesimulator*]" = YES;
				"INFOPLIST_KEY_UIStatusBarStyle[sdk=iphoneos*]" = UIStatusBarStyleDefault;
				"INFOPLIST_KEY_UIStatusBarStyle[sdk=iphonesimulator*]" = UIStatusBarStyleDefault;
				INFOPLIST_KEY_UISupportedInterfaceOrientations_iPad = "UIInterfaceOrientationPortrait UIInterfaceOrientationPortraitUpsideDown UIInterfaceOrientationLandscapeLeft UIInterfaceOrientationLandscapeRight";
				INFOPLIST_KEY_UISupportedInterfaceOrientations_iPhone = "UIInterfaceOrientationPortrait UIInterfaceOrientationLandscapeLeft UIInterfaceOrientationLandscapeRight";
				IPHONEOS_DEPLOYMENT_TARGET = 17.0;
				LD_RUNPATH_SEARCH_PATHS = "@executable_path/Frameworks";
				"LD_RUNPATH_SEARCH_PATHS[sdk=macosx*]" = "@executable_path/../Frameworks";
				MACOSX_DEPLOYMENT_TARGET = 13.1;
				MARKETING_VERSION = 1.0;
				PRODUCT_BUNDLE_IDENTIFIER = com.hunterdobbapps.UltimatePortfolio;
				PRODUCT_NAME = "$(TARGET_NAME)";
				SDKROOT = auto;
				SUPPORTED_PLATFORMS = "iphoneos iphonesimulator macosx";
				SWIFT_EMIT_LOC_STRINGS = YES;
				SWIFT_VERSION = 5.0;
				TARGETED_DEVICE_FAMILY = "1,2";
			};
			name = Release;
		};
		B5577D102B309DDD00F7D79D /* Debug */ = {
			isa = XCBuildConfiguration;
			buildSettings = {
				CODE_SIGN_STYLE = Automatic;
				CURRENT_PROJECT_VERSION = 1;
				DEVELOPMENT_TEAM = 5M7L7W2WHX;
				ENABLE_USER_SCRIPT_SANDBOXING = YES;
				GCC_C_LANGUAGE_STANDARD = gnu17;
				GENERATE_INFOPLIST_FILE = YES;
				IPHONEOS_DEPLOYMENT_TARGET = 17.2;
				LOCALIZATION_PREFERS_STRING_CATALOGS = YES;
				MARKETING_VERSION = 1.0;
				PRODUCT_BUNDLE_IDENTIFIER = com.hunterdobbapps.UltimatePortfolioUITests;
				PRODUCT_NAME = "$(TARGET_NAME)";
				SDKROOT = iphoneos;
				SWIFT_ACTIVE_COMPILATION_CONDITIONS = "DEBUG $(inherited)";
				SWIFT_EMIT_LOC_STRINGS = NO;
				SWIFT_VERSION = 5.0;
				TARGETED_DEVICE_FAMILY = "1,2";
				TEST_TARGET_NAME = UltimatePortfolio;
			};
			name = Debug;
		};
		B5577D112B309DDD00F7D79D /* Release */ = {
			isa = XCBuildConfiguration;
			buildSettings = {
				CODE_SIGN_STYLE = Automatic;
				CURRENT_PROJECT_VERSION = 1;
				DEVELOPMENT_TEAM = 5M7L7W2WHX;
				ENABLE_USER_SCRIPT_SANDBOXING = YES;
				GCC_C_LANGUAGE_STANDARD = gnu17;
				GENERATE_INFOPLIST_FILE = YES;
				IPHONEOS_DEPLOYMENT_TARGET = 17.2;
				LOCALIZATION_PREFERS_STRING_CATALOGS = YES;
				MARKETING_VERSION = 1.0;
				PRODUCT_BUNDLE_IDENTIFIER = com.hunterdobbapps.UltimatePortfolioUITests;
				PRODUCT_NAME = "$(TARGET_NAME)";
				SDKROOT = iphoneos;
				SWIFT_EMIT_LOC_STRINGS = NO;
				SWIFT_VERSION = 5.0;
				TARGETED_DEVICE_FAMILY = "1,2";
				TEST_TARGET_NAME = UltimatePortfolio;
				VALIDATE_PRODUCT = YES;
			};
			name = Release;
		};
		B5B20A392BB833EC0032A117 /* Debug */ = {
			isa = XCBuildConfiguration;
			buildSettings = {
				ASSETCATALOG_COMPILER_GLOBAL_ACCENT_COLOR_NAME = AccentColor;
				ASSETCATALOG_COMPILER_WIDGET_BACKGROUND_COLOR_NAME = WidgetBackground;
				CODE_SIGN_ENTITLEMENTS = PortfolioWidgetExtension.entitlements;
				CODE_SIGN_STYLE = Automatic;
				CURRENT_PROJECT_VERSION = 1;
				DEVELOPMENT_TEAM = 5M7L7W2WHX;
				ENABLE_USER_SCRIPT_SANDBOXING = YES;
				GCC_C_LANGUAGE_STANDARD = gnu17;
				GENERATE_INFOPLIST_FILE = YES;
				INFOPLIST_FILE = PortfolioWidget/Info.plist;
				INFOPLIST_KEY_CFBundleDisplayName = PortfolioWidget;
				INFOPLIST_KEY_NSHumanReadableCopyright = "";
				IPHONEOS_DEPLOYMENT_TARGET = 17.4;
				LD_RUNPATH_SEARCH_PATHS = (
					"$(inherited)",
					"@executable_path/Frameworks",
					"@executable_path/../../Frameworks",
				);
				LOCALIZATION_PREFERS_STRING_CATALOGS = YES;
				MARKETING_VERSION = 1.0;
				PRODUCT_BUNDLE_IDENTIFIER = com.hunterdobbapps.UltimatePortfolio.PortfolioWidget;
				PRODUCT_NAME = "$(TARGET_NAME)";
				SDKROOT = iphoneos;
				SKIP_INSTALL = YES;
				SWIFT_ACTIVE_COMPILATION_CONDITIONS = "DEBUG $(inherited)";
				SWIFT_EMIT_LOC_STRINGS = YES;
				SWIFT_VERSION = 5.0;
				TARGETED_DEVICE_FAMILY = "1,2";
			};
			name = Debug;
		};
		B5B20A3A2BB833EC0032A117 /* Release */ = {
			isa = XCBuildConfiguration;
			buildSettings = {
				ASSETCATALOG_COMPILER_GLOBAL_ACCENT_COLOR_NAME = AccentColor;
				ASSETCATALOG_COMPILER_WIDGET_BACKGROUND_COLOR_NAME = WidgetBackground;
				CODE_SIGN_ENTITLEMENTS = PortfolioWidgetExtension.entitlements;
				CODE_SIGN_STYLE = Automatic;
				CURRENT_PROJECT_VERSION = 1;
				DEVELOPMENT_TEAM = 5M7L7W2WHX;
				ENABLE_USER_SCRIPT_SANDBOXING = YES;
				GCC_C_LANGUAGE_STANDARD = gnu17;
				GENERATE_INFOPLIST_FILE = YES;
				INFOPLIST_FILE = PortfolioWidget/Info.plist;
				INFOPLIST_KEY_CFBundleDisplayName = PortfolioWidget;
				INFOPLIST_KEY_NSHumanReadableCopyright = "";
				IPHONEOS_DEPLOYMENT_TARGET = 17.4;
				LD_RUNPATH_SEARCH_PATHS = (
					"$(inherited)",
					"@executable_path/Frameworks",
					"@executable_path/../../Frameworks",
				);
				LOCALIZATION_PREFERS_STRING_CATALOGS = YES;
				MARKETING_VERSION = 1.0;
				PRODUCT_BUNDLE_IDENTIFIER = com.hunterdobbapps.UltimatePortfolio.PortfolioWidget;
				PRODUCT_NAME = "$(TARGET_NAME)";
				SDKROOT = iphoneos;
				SKIP_INSTALL = YES;
				SWIFT_EMIT_LOC_STRINGS = YES;
				SWIFT_VERSION = 5.0;
				TARGETED_DEVICE_FAMILY = "1,2";
				VALIDATE_PRODUCT = YES;
			};
			name = Release;
		};
/* End XCBuildConfiguration section */

/* Begin XCConfigurationList section */
		B53181A42A3E1BF00032D121 /* Build configuration list for PBXNativeTarget "UltimatePortfolioTests" */ = {
			isa = XCConfigurationList;
			buildConfigurations = (
				B53181A52A3E1BF00032D121 /* Debug */,
				B53181A62A3E1BF00032D121 /* Release */,
			);
			defaultConfigurationIsVisible = 0;
			defaultConfigurationName = Release;
		};
		B53DB2AB29A6592F00577F20 /* Build configuration list for PBXProject "UltimatePortfolio" */ = {
			isa = XCConfigurationList;
			buildConfigurations = (
				B53DB2BD29A6593000577F20 /* Debug */,
				B53DB2BE29A6593000577F20 /* Release */,
			);
			defaultConfigurationIsVisible = 0;
			defaultConfigurationName = Release;
		};
		B53DB2BF29A6593000577F20 /* Build configuration list for PBXNativeTarget "UltimatePortfolio" */ = {
			isa = XCConfigurationList;
			buildConfigurations = (
				B53DB2C029A6593000577F20 /* Debug */,
				B53DB2C129A6593000577F20 /* Release */,
			);
			defaultConfigurationIsVisible = 0;
			defaultConfigurationName = Release;
		};
		B5577D122B309DDD00F7D79D /* Build configuration list for PBXNativeTarget "UltimatePortfolioUITests" */ = {
			isa = XCConfigurationList;
			buildConfigurations = (
				B5577D102B309DDD00F7D79D /* Debug */,
				B5577D112B309DDD00F7D79D /* Release */,
			);
			defaultConfigurationIsVisible = 0;
			defaultConfigurationName = Release;
		};
		B5B20A3B2BB833EC0032A117 /* Build configuration list for PBXNativeTarget "PortfolioWidgetExtension" */ = {
			isa = XCConfigurationList;
			buildConfigurations = (
				B5B20A392BB833EC0032A117 /* Debug */,
				B5B20A3A2BB833EC0032A117 /* Release */,
			);
			defaultConfigurationIsVisible = 0;
			defaultConfigurationName = Release;
		};
/* End XCConfigurationList section */

/* Begin XCVersionGroup section */
		B53DB2C229A6595200577F20 /* Main.xcdatamodeld */ = {
			isa = XCVersionGroup;
			children = (
				B53DB2C329A6595200577F20 /* Main.xcdatamodel */,
			);
			currentVersion = B53DB2C329A6595200577F20 /* Main.xcdatamodel */;
			path = Main.xcdatamodeld;
			sourceTree = "<group>";
			versionGroupType = wrapper.xcdatamodel;
		};
/* End XCVersionGroup section */
	};
	rootObject = B53DB2A829A6592F00577F20 /* Project object */;
}
